
Microsoft Visual Studio Solution File, Format Version 12.00
# Visual Studio Version 16
VisualStudioVersion = 16.0.31005.135
MinimumVisualStudioVersion = 10.0.40219.1
Project("{9A19103F-16F7-4668-BE54-9A1E7A4F7556}") = "Walter.Web.FireWall.Geo.IP2Loaction", "Walter.Web.FireWall.Geo.IP2Loaction.csproj", "{C1490583-AA47-4ECE-9AE0-1200BE7D265D}"
EndProject
Project("{FAE04EC0-301F-11D3-BF4B-00C04F79EFBC}") = "Walter.Web.FireWall.Geo.IP2LoactionTests", "..\Walter.Web.FireWall.Geo.IP2LoactionTests\Walter.Web.FireWall.Geo.IP2LoactionTests.csproj", "{5566775A-FBB1-475A-9B25-74312686556F}"
EndProject
Global
	GlobalSection(SolutionConfigurationPlatforms) = preSolution
		Debug|Any CPU = Debug|Any CPU
		Release|Any CPU = Release|Any CPU
	EndGlobalSection
	GlobalSection(ProjectConfigurationPlatforms) = postSolution
		{C1490583-AA47-4ECE-9AE0-1200BE7D265D}.Debug|Any CPU.ActiveCfg = Debug|Any CPU
		{C1490583-AA47-4ECE-9AE0-1200BE7D265D}.Debug|Any CPU.Build.0 = Debug|Any CPU
		{C1490583-AA47-4ECE-9AE0-1200BE7D265D}.Release|Any CPU.ActiveCfg = Release|Any CPU
		{C1490583-AA47-4ECE-9AE0-1200BE7D265D}.Release|Any CPU.Build.0 = Release|Any CPU
		{5566775A-FBB1-475A-9B25-74312686556F}.Debug|Any CPU.ActiveCfg = Debug|Any CPU
		{5566775A-FBB1-475A-9B25-74312686556F}.Debug|Any CPU.Build.0 = Debug|Any CPU
		{5566775A-FBB1-475A-9B25-74312686556F}.Release|Any CPU.ActiveCfg = Release|Any CPU
		{5566775A-FBB1-475A-9B25-74312686556F}.Release|Any CPU.Build.0 = Release|Any CPU
	EndGlobalSection
	GlobalSection(SolutionProperties) = preSolution
		HideSolutionNode = FALSE
	EndGlobalSection
	GlobalSection(ExtensibilityGlobals) = postSolution
		SolutionGuid = {BB75418C-C66E-4F21-A9C0-6EF534B74718}
	EndGlobalSection
EndGlobal
