
Microsoft Visual Studio Solution File, Format Version 12.00
# Visual Studio Version 16
vim: set syntax=csharp:
VisualStudioVersion = 16.0.30523.141
MinimumVisualStudioVersion = 10.0.40219.1
Project("{FAE04EC0-301F-11D3-BF4B-00C04F79EFBC}") = "MVC_Core_31_Application", "MVC_Core_31_Application\MVC_Core_31_Application.csproj", "{F5AFB34F-B5FE-48F8-9877-332135896BFD}"
EndProject
Global
	GlobalSection(SolutionConfigurationPlatforms) = preSolution
		Debug|Any CPU = Debug|Any CPU
		Release|Any CPU = Release|Any CPU
	EndGlobalSection
	GlobalSection(ProjectConfigurationPlatforms) = postSolution
		{F5AFB34F-B5FE-48F8-9877-332135896BFD}.Debug|Any CPU.ActiveCfg = Debug|Any CPU
		{F5AFB34F-B5FE-48F8-9877-332135896BFD}.Debug|Any CPU.Build.0 = Debug|Any CPU
		{F5AFB34F-B5FE-48F8-9877-332135896BFD}.Release|Any CPU.ActiveCfg = Release|Any CPU
		{F5AFB34F-B5FE-48F8-9877-332135896BFD}.Release|Any CPU.Build.0 = Release|Any CPU
	EndGlobalSection
	GlobalSection(SolutionProperties) = preSolution
		HideSolutionNode = FALSE
	EndGlobalSection
	GlobalSection(ExtensibilityGlobals) = postSolution
		SolutionGuid = {26AD3177-7390-4AC0-AC65-810C62756A31}
	EndGlobalSection
EndGlobal
