
Microsoft Visual Studio Solution File, Format Version 12.00
# Visual Studio Version 16
VisualStudioVersion = 16.0.31105.61
MinimumVisualStudioVersion = 10.0.40219.1
Project("{FAE04EC0-301F-11D3-BF4B-00C04F79EFBC}") = "CommandLineHelper", "..\CommandLineHelper\CommandLineHelper.csproj", "{1FA567EC-1D5C-477B-9B36-F99997F04C39}"
EndProject
Project("{FAE04EC0-301F-11D3-BF4B-00C04F79EFBC}") = "WebAppWithPortScannerProtection", "..\WebAppWithPortScannerProtection\WebAppWithPortScannerProtection.csproj", "{5D0FF969-3F3E-4994-A9D2-9A9B984C6A17}"
EndProject
Global
	GlobalSection(SolutionConfigurationPlatforms) = preSolution
		Debug|Any CPU = Debug|Any CPU
		Release|Any CPU = Release|Any CPU
	EndGlobalSection
	GlobalSection(ProjectConfigurationPlatforms) = postSolution
		{1FA567EC-1D5C-477B-9B36-F99997F04C39}.Debug|Any CPU.ActiveCfg = Debug|Any CPU
		{1FA567EC-1D5C-477B-9B36-F99997F04C39}.Debug|Any CPU.Build.0 = Debug|Any CPU
		{1FA567EC-1D5C-477B-9B36-F99997F04C39}.Release|Any CPU.ActiveCfg = Release|Any CPU
		{1FA567EC-1D5C-477B-9B36-F99997F04C39}.Release|Any CPU.Build.0 = Release|Any CPU
		{5D0FF969-3F3E-4994-A9D2-9A9B984C6A17}.Debug|Any CPU.ActiveCfg = Debug|Any CPU
		{5D0FF969-3F3E-4994-A9D2-9A9B984C6A17}.Debug|Any CPU.Build.0 = Debug|Any CPU
		{5D0FF969-3F3E-4994-A9D2-9A9B984C6A17}.Release|Any CPU.ActiveCfg = Release|Any CPU
		{5D0FF969-3F3E-4994-A9D2-9A9B984C6A17}.Release|Any CPU.Build.0 = Release|Any CPU
	EndGlobalSection
	GlobalSection(SolutionProperties) = preSolution
		HideSolutionNode = FALSE
	EndGlobalSection
	GlobalSection(ExtensibilityGlobals) = postSolution
		SolutionGuid = {4CE2670B-37AB-4C8B-9FBE-C7BF820F3865}
	EndGlobalSection
EndGlobal
